
Microsoft Visual Studio Solution File, Format Version 12.00
# Visual Studio Version 17
VisualStudioVersion = 17.8.34309.116
MinimumVisualStudioVersion = 10.0.40219.1
Project("{2150E333-8FDC-42A3-9474-1A3956D46DE8}") = "EFCore", "EFCore", "{C23BD19E-C05D-4AB5-9AA3-23D716D39A56}"
EndProject
Project("{2150E333-8FDC-42A3-9474-1A3956D46DE8}") = "ChangingConnectionString", "ChangingConnectionString", "{B17D1DC3-143D-41B2-8FCD-09DE110B133C}"
EndProject
Project("{9A19103F-16F7-4668-BE54-9A1E7A4F7556}") = "ChangingConnectionString", "ChangingConnectionString\ChangingConnectionString.csproj", "{323AE541-F815-43C2-A251-08552CA735F0}"
EndProject
Project("{9A19103F-16F7-4668-BE54-9A1E7A4F7556}") = "CaptchaBuilder", "CaptchaBuilder\CaptchaBuilder.csproj", "{F7ED5F9F-9F48-4A32-9530-C646FB239DFC}"
EndProject
Project("{2150E333-8FDC-42A3-9474-1A3956D46DE8}") = "DesignPattern", "DesignPattern", "{C3ECAD17-6E5A-4D9C-92C7-511F5A078D19}"
EndProject
Project("{2150E333-8FDC-42A3-9474-1A3956D46DE8}") = "Builder", "Builder", "{21168C57-5A97-43D9-91FA-4E4F4E49BD8E}"
EndProject
Project("{2150E333-8FDC-42A3-9474-1A3956D46DE8}") = "AddvsAddAsync", "AddvsAddAsync", "{BE3D516C-506B-47EB-9380-85090123E844}"
EndProject
Project("{9A19103F-16F7-4668-BE54-9A1E7A4F7556}") = "AddAsyncVsAdd", "AddAsyncVsAdd\AddAsyncVsAdd.csproj", "{0E6B32E1-1B1D-49EC-BEF4-2AD6E3D045DE}"
EndProject
Project("{2150E333-8FDC-42A3-9474-1A3956D46DE8}") = "dotnet", "dotnet", "{4BE4B82D-420B-4E18-8803-B49CB969D875}"
EndProject
Project("{9A19103F-16F7-4668-BE54-9A1E7A4F7556}") = "SynchronizationContext", "SynchronizationContext\SynchronizationContext.csproj", "{75C7B50E-7DFD-4CDC-948E-1D1BDD179264}"
EndProject
Project("{9A19103F-16F7-4668-BE54-9A1E7A4F7556}") = "CSharp12Features", "CSharp12Features\CSharp12Features.csproj", "{9D193A51-7BD9-4D02-A8D6-9227FEA394F9}"
EndProject
Project("{2150E333-8FDC-42A3-9474-1A3956D46DE8}") = "Principles", "Principles", "{BEA88CF1-3CF1-480F-85DE-41757978E672}"
EndProject
Project("{9A19103F-16F7-4668-BE54-9A1E7A4F7556}") = "Soc", "Soc\Soc.csproj", "{E7805EEF-50C1-4EBB-8223-F982251BB148}"
EndProject
Project("{9A19103F-16F7-4668-BE54-9A1E7A4F7556}") = "KeyServices", "KeyServices\KeyServices.csproj", "{BB613F79-7695-4388-BAF9-C78E292C0B50}"
EndProject
Project("{2150E333-8FDC-42A3-9474-1A3956D46DE8}") = "Uow_Repository", "Uow_Repository", "{93F97916-8CC8-470A-A36C-74992EA4C1DF}"
EndProject
Project("{9A19103F-16F7-4668-BE54-9A1E7A4F7556}") = "Domain", "Domain\Domain.csproj", "{17F37256-B87D-44DA-826E-04E2D9180215}"
EndProject
Project("{9A19103F-16F7-4668-BE54-9A1E7A4F7556}") = "Application", "Application\Application.csproj", "{FCC04CA6-EE9D-4594-B97E-E3F3D64C9DA5}"
EndProject
Project("{9A19103F-16F7-4668-BE54-9A1E7A4F7556}") = "Infrastructure", "Infrastructure\Infrastructure.csproj", "{05125064-B71B-40FA-90C8-2EF71A3544B1}"
EndProject
Project("{9A19103F-16F7-4668-BE54-9A1E7A4F7556}") = "Presentation", "Presentation\Presentation.csproj", "{CDACEAD4-C9C0-4730-966C-09425D33FC54}"
EndProject
Project("{2150E333-8FDC-42A3-9474-1A3956D46DE8}") = "WithOut", "WithOut", "{DCC6A38E-CF54-4BEA-8C6D-0985A7534A9F}"
EndProject
Project("{2150E333-8FDC-42A3-9474-1A3956D46DE8}") = "WithIn", "WithIn", "{9BCFDD60-1EAF-43B8-89EC-C9B07CAE8774}"
EndProject
Project("{9A19103F-16F7-4668-BE54-9A1E7A4F7556}") = "WithIn.Domain", "WithIn.Domain\WithIn.Domain.csproj", "{C1CA039E-4A94-46FE-AD61-0B0357C3FCA6}"
EndProject
Project("{9A19103F-16F7-4668-BE54-9A1E7A4F7556}") = "WithIn.Application", "WithIn.Application\WithIn.Application.csproj", "{598E86F5-740C-44B2-9211-6010A3347D3C}"
EndProject
Project("{9A19103F-16F7-4668-BE54-9A1E7A4F7556}") = "WithIn.Infrastructure", "WithIn.Infrastructure\WithIn.Infrastructure.csproj", "{1CBE7706-A6DE-432B-A5A4-5BC81B4792DA}"
EndProject
Project("{9A19103F-16F7-4668-BE54-9A1E7A4F7556}") = "WithIn.Presentation", "WithIn.Presentation\WithIn.Presentation.csproj", "{B7790F2E-E333-45BD-AE03-EF383648DBF0}"
EndProject
Project("{9A19103F-16F7-4668-BE54-9A1E7A4F7556}") = "ObjPooling", "ObjPooling\ObjPooling.csproj", "{0AC066AF-188D-4858-BF66-5BE97CD5FA51}"
EndProject
Project("{2150E333-8FDC-42A3-9474-1A3956D46DE8}") = "IQueryable", "IQueryable", "{21ED3783-B720-4E60-8233-BEFDCF069D85}"
EndProject
Project("{9A19103F-16F7-4668-BE54-9A1E7A4F7556}") = "QueryProviderExample", "QueryProviderExample\QueryProviderExample.csproj", "{381EF6B5-22E3-4648-926A-D42EBFC804CC}"
EndProject
Project("{FAE04EC0-301F-11D3-BF4B-00C04F79EFBC}") = "TypesOfCoupling", "TypesOfCoupling\TypesOfCoupling.csproj", "{B7827C1E-E343-46D0-8375-DE2451BB7EB7}"
EndProject
Global
	GlobalSection(SolutionConfigurationPlatforms) = preSolution
		Debug|Any CPU = Debug|Any CPU
		Release|Any CPU = Release|Any CPU
	EndGlobalSection
	GlobalSection(ProjectConfigurationPlatforms) = postSolution
		{323AE541-F815-43C2-A251-08552CA735F0}.Debug|Any CPU.ActiveCfg = Debug|Any CPU
		{323AE541-F815-43C2-A251-08552CA735F0}.Debug|Any CPU.Build.0 = Debug|Any CPU
		{323AE541-F815-43C2-A251-08552CA735F0}.Release|Any CPU.ActiveCfg = Release|Any CPU
		{323AE541-F815-43C2-A251-08552CA735F0}.Release|Any CPU.Build.0 = Release|Any CPU
		{F7ED5F9F-9F48-4A32-9530-C646FB239DFC}.Debug|Any CPU.ActiveCfg = Debug|Any CPU
		{F7ED5F9F-9F48-4A32-9530-C646FB239DFC}.Debug|Any CPU.Build.0 = Debug|Any CPU
		{F7ED5F9F-9F48-4A32-9530-C646FB239DFC}.Release|Any CPU.ActiveCfg = Release|Any CPU
		{F7ED5F9F-9F48-4A32-9530-C646FB239DFC}.Release|Any CPU.Build.0 = Release|Any CPU
		{0E6B32E1-1B1D-49EC-BEF4-2AD6E3D045DE}.Debug|Any CPU.ActiveCfg = Debug|Any CPU
		{0E6B32E1-1B1D-49EC-BEF4-2AD6E3D045DE}.Debug|Any CPU.Build.0 = Debug|Any CPU
		{0E6B32E1-1B1D-49EC-BEF4-2AD6E3D045DE}.Release|Any CPU.ActiveCfg = Release|Any CPU
		{0E6B32E1-1B1D-49EC-BEF4-2AD6E3D045DE}.Release|Any CPU.Build.0 = Release|Any CPU
		{75C7B50E-7DFD-4CDC-948E-1D1BDD179264}.Debug|Any CPU.ActiveCfg = Debug|Any CPU
		{75C7B50E-7DFD-4CDC-948E-1D1BDD179264}.Debug|Any CPU.Build.0 = Debug|Any CPU
		{75C7B50E-7DFD-4CDC-948E-1D1BDD179264}.Release|Any CPU.ActiveCfg = Release|Any CPU
		{75C7B50E-7DFD-4CDC-948E-1D1BDD179264}.Release|Any CPU.Build.0 = Release|Any CPU
		{9D193A51-7BD9-4D02-A8D6-9227FEA394F9}.Debug|Any CPU.ActiveCfg = Debug|Any CPU
		{9D193A51-7BD9-4D02-A8D6-9227FEA394F9}.Debug|Any CPU.Build.0 = Debug|Any CPU
		{9D193A51-7BD9-4D02-A8D6-9227FEA394F9}.Release|Any CPU.ActiveCfg = Release|Any CPU
		{9D193A51-7BD9-4D02-A8D6-9227FEA394F9}.Release|Any CPU.Build.0 = Release|Any CPU
		{E7805EEF-50C1-4EBB-8223-F982251BB148}.Debug|Any CPU.ActiveCfg = Debug|Any CPU
		{E7805EEF-50C1-4EBB-8223-F982251BB148}.Debug|Any CPU.Build.0 = Debug|Any CPU
		{E7805EEF-50C1-4EBB-8223-F982251BB148}.Release|Any CPU.ActiveCfg = Release|Any CPU
		{E7805EEF-50C1-4EBB-8223-F982251BB148}.Release|Any CPU.Build.0 = Release|Any CPU
		{BB613F79-7695-4388-BAF9-C78E292C0B50}.Debug|Any CPU.ActiveCfg = Debug|Any CPU
		{BB613F79-7695-4388-BAF9-C78E292C0B50}.Debug|Any CPU.Build.0 = Debug|Any CPU
		{BB613F79-7695-4388-BAF9-C78E292C0B50}.Release|Any CPU.ActiveCfg = Release|Any CPU
		{BB613F79-7695-4388-BAF9-C78E292C0B50}.Release|Any CPU.Build.0 = Release|Any CPU
		{17F37256-B87D-44DA-826E-04E2D9180215}.Debug|Any CPU.ActiveCfg = Debug|Any CPU
		{17F37256-B87D-44DA-826E-04E2D9180215}.Debug|Any CPU.Build.0 = Debug|Any CPU
		{17F37256-B87D-44DA-826E-04E2D9180215}.Release|Any CPU.ActiveCfg = Release|Any CPU
		{17F37256-B87D-44DA-826E-04E2D9180215}.Release|Any CPU.Build.0 = Release|Any CPU
		{FCC04CA6-EE9D-4594-B97E-E3F3D64C9DA5}.Debug|Any CPU.ActiveCfg = Debug|Any CPU
		{FCC04CA6-EE9D-4594-B97E-E3F3D64C9DA5}.Debug|Any CPU.Build.0 = Debug|Any CPU
		{FCC04CA6-EE9D-4594-B97E-E3F3D64C9DA5}.Release|Any CPU.ActiveCfg = Release|Any CPU
		{FCC04CA6-EE9D-4594-B97E-E3F3D64C9DA5}.Release|Any CPU.Build.0 = Release|Any CPU
		{05125064-B71B-40FA-90C8-2EF71A3544B1}.Debug|Any CPU.ActiveCfg = Debug|Any CPU
		{05125064-B71B-40FA-90C8-2EF71A3544B1}.Debug|Any CPU.Build.0 = Debug|Any CPU
		{05125064-B71B-40FA-90C8-2EF71A3544B1}.Release|Any CPU.ActiveCfg = Release|Any CPU
		{05125064-B71B-40FA-90C8-2EF71A3544B1}.Release|Any CPU.Build.0 = Release|Any CPU
		{CDACEAD4-C9C0-4730-966C-09425D33FC54}.Debug|Any CPU.ActiveCfg = Debug|Any CPU
		{CDACEAD4-C9C0-4730-966C-09425D33FC54}.Debug|Any CPU.Build.0 = Debug|Any CPU
		{CDACEAD4-C9C0-4730-966C-09425D33FC54}.Release|Any CPU.ActiveCfg = Release|Any CPU
		{CDACEAD4-C9C0-4730-966C-09425D33FC54}.Release|Any CPU.Build.0 = Release|Any CPU
		{C1CA039E-4A94-46FE-AD61-0B0357C3FCA6}.Debug|Any CPU.ActiveCfg = Debug|Any CPU
		{C1CA039E-4A94-46FE-AD61-0B0357C3FCA6}.Debug|Any CPU.Build.0 = Debug|Any CPU
		{C1CA039E-4A94-46FE-AD61-0B0357C3FCA6}.Release|Any CPU.ActiveCfg = Release|Any CPU
		{C1CA039E-4A94-46FE-AD61-0B0357C3FCA6}.Release|Any CPU.Build.0 = Release|Any CPU
		{598E86F5-740C-44B2-9211-6010A3347D3C}.Debug|Any CPU.ActiveCfg = Debug|Any CPU
		{598E86F5-740C-44B2-9211-6010A3347D3C}.Debug|Any CPU.Build.0 = Debug|Any CPU
		{598E86F5-740C-44B2-9211-6010A3347D3C}.Release|Any CPU.ActiveCfg = Release|Any CPU
		{598E86F5-740C-44B2-9211-6010A3347D3C}.Release|Any CPU.Build.0 = Release|Any CPU
		{1CBE7706-A6DE-432B-A5A4-5BC81B4792DA}.Debug|Any CPU.ActiveCfg = Debug|Any CPU
		{1CBE7706-A6DE-432B-A5A4-5BC81B4792DA}.Debug|Any CPU.Build.0 = Debug|Any CPU
		{1CBE7706-A6DE-432B-A5A4-5BC81B4792DA}.Release|Any CPU.ActiveCfg = Release|Any CPU
		{1CBE7706-A6DE-432B-A5A4-5BC81B4792DA}.Release|Any CPU.Build.0 = Release|Any CPU
		{B7790F2E-E333-45BD-AE03-EF383648DBF0}.Debug|Any CPU.ActiveCfg = Debug|Any CPU
		{B7790F2E-E333-45BD-AE03-EF383648DBF0}.Debug|Any CPU.Build.0 = Debug|Any CPU
		{B7790F2E-E333-45BD-AE03-EF383648DBF0}.Release|Any CPU.ActiveCfg = Release|Any CPU
		{B7790F2E-E333-45BD-AE03-EF383648DBF0}.Release|Any CPU.Build.0 = Release|Any CPU
		{0AC066AF-188D-4858-BF66-5BE97CD5FA51}.Debug|Any CPU.ActiveCfg = Debug|Any CPU
		{0AC066AF-188D-4858-BF66-5BE97CD5FA51}.Debug|Any CPU.Build.0 = Debug|Any CPU
		{0AC066AF-188D-4858-BF66-5BE97CD5FA51}.Release|Any CPU.ActiveCfg = Release|Any CPU
		{0AC066AF-188D-4858-BF66-5BE97CD5FA51}.Release|Any CPU.Build.0 = Release|Any CPU
		{381EF6B5-22E3-4648-926A-D42EBFC804CC}.Debug|Any CPU.ActiveCfg = Debug|Any CPU
		{381EF6B5-22E3-4648-926A-D42EBFC804CC}.Debug|Any CPU.Build.0 = Debug|Any CPU
		{381EF6B5-22E3-4648-926A-D42EBFC804CC}.Release|Any CPU.ActiveCfg = Release|Any CPU
		{381EF6B5-22E3-4648-926A-D42EBFC804CC}.Release|Any CPU.Build.0 = Release|Any CPU
		{B7827C1E-E343-46D0-8375-DE2451BB7EB7}.Debug|Any CPU.ActiveCfg = Debug|Any CPU
		{B7827C1E-E343-46D0-8375-DE2451BB7EB7}.Debug|Any CPU.Build.0 = Debug|Any CPU
		{B7827C1E-E343-46D0-8375-DE2451BB7EB7}.Release|Any CPU.ActiveCfg = Release|Any CPU
		{B7827C1E-E343-46D0-8375-DE2451BB7EB7}.Release|Any CPU.Build.0 = Release|Any CPU
	EndGlobalSection
	GlobalSection(SolutionProperties) = preSolution
		HideSolutionNode = FALSE
	EndGlobalSection
	GlobalSection(NestedProjects) = preSolution
		{B17D1DC3-143D-41B2-8FCD-09DE110B133C} = {C23BD19E-C05D-4AB5-9AA3-23D716D39A56}
		{323AE541-F815-43C2-A251-08552CA735F0} = {B17D1DC3-143D-41B2-8FCD-09DE110B133C}
		{F7ED5F9F-9F48-4A32-9530-C646FB239DFC} = {21168C57-5A97-43D9-91FA-4E4F4E49BD8E}
		{21168C57-5A97-43D9-91FA-4E4F4E49BD8E} = {C3ECAD17-6E5A-4D9C-92C7-511F5A078D19}
		{BE3D516C-506B-47EB-9380-85090123E844} = {C23BD19E-C05D-4AB5-9AA3-23D716D39A56}
		{0E6B32E1-1B1D-49EC-BEF4-2AD6E3D045DE} = {BE3D516C-506B-47EB-9380-85090123E844}
		{75C7B50E-7DFD-4CDC-948E-1D1BDD179264} = {4BE4B82D-420B-4E18-8803-B49CB969D875}
		{9D193A51-7BD9-4D02-A8D6-9227FEA394F9} = {4BE4B82D-420B-4E18-8803-B49CB969D875}
		{E7805EEF-50C1-4EBB-8223-F982251BB148} = {BEA88CF1-3CF1-480F-85DE-41757978E672}
		{BB613F79-7695-4388-BAF9-C78E292C0B50} = {4BE4B82D-420B-4E18-8803-B49CB969D875}
		{93F97916-8CC8-470A-A36C-74992EA4C1DF} = {C23BD19E-C05D-4AB5-9AA3-23D716D39A56}
		{17F37256-B87D-44DA-826E-04E2D9180215} = {DCC6A38E-CF54-4BEA-8C6D-0985A7534A9F}
		{FCC04CA6-EE9D-4594-B97E-E3F3D64C9DA5} = {DCC6A38E-CF54-4BEA-8C6D-0985A7534A9F}
		{05125064-B71B-40FA-90C8-2EF71A3544B1} = {DCC6A38E-CF54-4BEA-8C6D-0985A7534A9F}
		{CDACEAD4-C9C0-4730-966C-09425D33FC54} = {DCC6A38E-CF54-4BEA-8C6D-0985A7534A9F}
		{DCC6A38E-CF54-4BEA-8C6D-0985A7534A9F} = {93F97916-8CC8-470A-A36C-74992EA4C1DF}
		{9BCFDD60-1EAF-43B8-89EC-C9B07CAE8774} = {93F97916-8CC8-470A-A36C-74992EA4C1DF}
		{C1CA039E-4A94-46FE-AD61-0B0357C3FCA6} = {9BCFDD60-1EAF-43B8-89EC-C9B07CAE8774}
		{598E86F5-740C-44B2-9211-6010A3347D3C} = {9BCFDD60-1EAF-43B8-89EC-C9B07CAE8774}
		{1CBE7706-A6DE-432B-A5A4-5BC81B4792DA} = {9BCFDD60-1EAF-43B8-89EC-C9B07CAE8774}
		{B7790F2E-E333-45BD-AE03-EF383648DBF0} = {9BCFDD60-1EAF-43B8-89EC-C9B07CAE8774}
		{0AC066AF-188D-4858-BF66-5BE97CD5FA51} = {4BE4B82D-420B-4E18-8803-B49CB969D875}
		{21ED3783-B720-4E60-8233-BEFDCF069D85} = {C23BD19E-C05D-4AB5-9AA3-23D716D39A56}
		{381EF6B5-22E3-4648-926A-D42EBFC804CC} = {21ED3783-B720-4E60-8233-BEFDCF069D85}
		{B7827C1E-E343-46D0-8375-DE2451BB7EB7} = {BEA88CF1-3CF1-480F-85DE-41757978E672}
	EndGlobalSection
	GlobalSection(ExtensibilityGlobals) = postSolution
		SolutionGuid = {2612291B-6B99-482B-9E5C-F43B9A4AAB95}
	EndGlobalSection
EndGlobal
